// !$*UTF8*$!
{
	archiveVersion = 1;
	classes = {
	};
	objectVersion = 50;
	objects = {

/* Begin PBXBuildFile section */
		ADC94A29218E4BB0009873AA /* AppDelegate.swift in Sources */ = {isa = PBXBuildFile; fileRef = ADC94A28218E4BB0009873AA /* AppDelegate.swift */; };
		ADC94A2B218E4BB0009873AA /* ViewController.swift in Sources */ = {isa = PBXBuildFile; fileRef = ADC94A2A218E4BB0009873AA /* ViewController.swift */; };
		ADC94A2E218E4BB0009873AA /* Main.storyboard in Resources */ = {isa = PBXBuildFile; fileRef = ADC94A2C218E4BB0009873AA /* Main.storyboard */; };
		ADC94A30218E4BB0009873AA /* Assets.xcassets in Resources */ = {isa = PBXBuildFile; fileRef = ADC94A2F218E4BB0009873AA /* Assets.xcassets */; };
		ADC94A33218E4BB0009873AA /* LaunchScreen.storyboard in Resources */ = {isa = PBXBuildFile; fileRef = ADC94A31218E4BB0009873AA /* LaunchScreen.storyboard */; };
		ADC94A3E218E4BB1009873AA /* munchgittestTests.swift in Sources */ = {isa = PBXBuildFile; fileRef = ADC94A3D218E4BB1009873AA /* munchgittestTests.swift */; };
		ADC94A49218E4BB1009873AA /* munchgittestUITests.swift in Sources */ = {isa = PBXBuildFile; fileRef = ADC94A48218E4BB1009873AA /* munchgittestUITests.swift */; };
/* End PBXBuildFile section */

/* Begin PBXContainerItemProxy section */
		ADC94A3A218E4BB1009873AA /* PBXContainerItemProxy */ = {
			isa = PBXContainerItemProxy;
			containerPortal = ADC94A1D218E4BB0009873AA /* Project object */;
			proxyType = 1;
			remoteGlobalIDString = ADC94A24218E4BB0009873AA;
			remoteInfo = munchgittest;
		};
		ADC94A45218E4BB1009873AA /* PBXContainerItemProxy */ = {
			isa = PBXContainerItemProxy;
			containerPortal = ADC94A1D218E4BB0009873AA /* Project object */;
			proxyType = 1;
			remoteGlobalIDString = ADC94A24218E4BB0009873AA;
			remoteInfo = munchgittest;
		};
/* End PBXContainerItemProxy section */

/* Begin PBXFileReference section */
		ADC94A25218E4BB0009873AA /* munchgittest.app */ = {isa = PBXFileReference; explicitFileType = wrapper.application; includeInIndex = 0; path = munchgittest.app; sourceTree = BUILT_PRODUCTS_DIR; };
		ADC94A28218E4BB0009873AA /* AppDelegate.swift */ = {isa = PBXFileReference; lastKnownFileType = sourcecode.swift; path = AppDelegate.swift; sourceTree = "<group>"; };
		ADC94A2A218E4BB0009873AA /* ViewController.swift */ = {isa = PBXFileReference; lastKnownFileType = sourcecode.swift; path = ViewController.swift; sourceTree = "<group>"; };
		ADC94A2D218E4BB0009873AA /* Base */ = {isa = PBXFileReference; lastKnownFileType = file.storyboard; name = Base; path = Base.lproj/Main.storyboard; sourceTree = "<group>"; };
		ADC94A2F218E4BB0009873AA /* Assets.xcassets */ = {isa = PBXFileReference; lastKnownFileType = folder.assetcatalog; path = Assets.xcassets; sourceTree = "<group>"; };
		ADC94A32218E4BB0009873AA /* Base */ = {isa = PBXFileReference; lastKnownFileType = file.storyboard; name = Base; path = Base.lproj/LaunchScreen.storyboard; sourceTree = "<group>"; };
		ADC94A34218E4BB0009873AA /* Info.plist */ = {isa = PBXFileReference; lastKnownFileType = text.plist.xml; path = Info.plist; sourceTree = "<group>"; };
		ADC94A39218E4BB1009873AA /* munchgittestTests.xctest */ = {isa = PBXFileReference; explicitFileType = wrapper.cfbundle; includeInIndex = 0; path = munchgittestTests.xctest; sourceTree = BUILT_PRODUCTS_DIR; };
		ADC94A3D218E4BB1009873AA /* munchgittestTests.swift */ = {isa = PBXFileReference; lastKnownFileType = sourcecode.swift; path = munchgittestTests.swift; sourceTree = "<group>"; };
		ADC94A3F218E4BB1009873AA /* Info.plist */ = {isa = PBXFileReference; lastKnownFileType = text.plist.xml; path = Info.plist; sourceTree = "<group>"; };
		ADC94A44218E4BB1009873AA /* munchgittestUITests.xctest */ = {isa = PBXFileReference; explicitFileType = wrapper.cfbundle; includeInIndex = 0; path = munchgittestUITests.xctest; sourceTree = BUILT_PRODUCTS_DIR; };
		ADC94A48218E4BB1009873AA /* munchgittestUITests.swift */ = {isa = PBXFileReference; lastKnownFileType = sourcecode.swift; path = munchgittestUITests.swift; sourceTree = "<group>"; };
		ADC94A4A218E4BB1009873AA /* Info.plist */ = {isa = PBXFileReference; lastKnownFileType = text.plist.xml; path = Info.plist; sourceTree = "<group>"; };
/* End PBXFileReference section */

/* Begin PBXFrameworksBuildPhase section */
		ADC94A22218E4BB0009873AA /* Frameworks */ = {
			isa = PBXFrameworksBuildPhase;
			buildActionMask = 2147483647;
			files = (
			);
			runOnlyForDeploymentPostprocessing = 0;
		};
		ADC94A36218E4BB1009873AA /* Frameworks */ = {
			isa = PBXFrameworksBuildPhase;
			buildActionMask = 2147483647;
			files = (
			);
			runOnlyForDeploymentPostprocessing = 0;
		};
		ADC94A41218E4BB1009873AA /* Frameworks */ = {
			isa = PBXFrameworksBuildPhase;
			buildActionMask = 2147483647;
			files = (
			);
			runOnlyForDeploymentPostprocessing = 0;
		};
/* End PBXFrameworksBuildPhase section */

/* Begin PBXGroup section */
		ADC94A1C218E4BB0009873AA = {
			isa = PBXGroup;
			children = (
				ADC94A27218E4BB0009873AA /* munchgittest */,
				ADC94A3C218E4BB1009873AA /* munchgittestTests */,
				ADC94A47218E4BB1009873AA /* munchgittestUITests */,
				ADC94A26218E4BB0009873AA /* Products */,
			);
			sourceTree = "<group>";
		};
		ADC94A26218E4BB0009873AA /* Products */ = {
			isa = PBXGroup;
			children = (
				ADC94A25218E4BB0009873AA /* munchgittest.app */,
				ADC94A39218E4BB1009873AA /* munchgittestTests.xctest */,
				ADC94A44218E4BB1009873AA /* munchgittestUITests.xctest */,
			);
			name = Products;
			sourceTree = "<group>";
		};
		ADC94A27218E4BB0009873AA /* munchgittest */ = {
			isa = PBXGroup;
			children = (
				ADC94A28218E4BB0009873AA /* AppDelegate.swift */,
				ADC94A2A218E4BB0009873AA /* ViewController.swift */,
				ADC94A2C218E4BB0009873AA /* Main.storyboard */,
				ADC94A2F218E4BB0009873AA /* Assets.xcassets */,
				ADC94A31218E4BB0009873AA /* LaunchScreen.storyboard */,
				ADC94A34218E4BB0009873AA /* Info.plist */,
			);
			path = munchgittest;
			sourceTree = "<group>";
		};
		ADC94A3C218E4BB1009873AA /* munchgittestTests */ = {
			isa = PBXGroup;
			children = (
				ADC94A3D218E4BB1009873AA /* munchgittestTests.swift */,
				ADC94A3F218E4BB1009873AA /* Info.plist */,
			);
			path = munchgittestTests;
			sourceTree = "<group>";
		};
		ADC94A47218E4BB1009873AA /* munchgittestUITests */ = {
			isa = PBXGroup;
			children = (
				ADC94A48218E4BB1009873AA /* munchgittestUITests.swift */,
				ADC94A4A218E4BB1009873AA /* Info.plist */,
			);
			path = munchgittestUITests;
			sourceTree = "<group>";
		};
/* End PBXGroup section */

/* Begin PBXNativeTarget section */
		ADC94A24218E4BB0009873AA /* munchgittest */ = {
			isa = PBXNativeTarget;
			buildConfigurationList = ADC94A4D218E4BB1009873AA /* Build configuration list for PBXNativeTarget "munchgittest" */;
			buildPhases = (
				ADC94A21218E4BB0009873AA /* Sources */,
				ADC94A22218E4BB0009873AA /* Frameworks */,
				ADC94A23218E4BB0009873AA /* Resources */,
			);
			buildRules = (
			);
			dependencies = (
			);
			name = munchgittest;
			productName = munchgittest;
			productReference = ADC94A25218E4BB0009873AA /* munchgittest.app */;
			productType = "com.apple.product-type.application";
		};
		ADC94A38218E4BB1009873AA /* munchgittestTests */ = {
			isa = PBXNativeTarget;
			buildConfigurationList = ADC94A50218E4BB1009873AA /* Build configuration list for PBXNativeTarget "munchgittestTests" */;
			buildPhases = (
				ADC94A35218E4BB1009873AA /* Sources */,
				ADC94A36218E4BB1009873AA /* Frameworks */,
				ADC94A37218E4BB1009873AA /* Resources */,
			);
			buildRules = (
			);
			dependencies = (
				ADC94A3B218E4BB1009873AA /* PBXTargetDependency */,
			);
			name = munchgittestTests;
			productName = munchgittestTests;
			productReference = ADC94A39218E4BB1009873AA /* munchgittestTests.xctest */;
			productType = "com.apple.product-type.bundle.unit-test";
		};
		ADC94A43218E4BB1009873AA /* munchgittestUITests */ = {
			isa = PBXNativeTarget;
			buildConfigurationList = ADC94A53218E4BB1009873AA /* Build configuration list for PBXNativeTarget "munchgittestUITests" */;
			buildPhases = (
				ADC94A40218E4BB1009873AA /* Sources */,
				ADC94A41218E4BB1009873AA /* Frameworks */,
				ADC94A42218E4BB1009873AA /* Resources */,
			);
			buildRules = (
			);
			dependencies = (
				ADC94A46218E4BB1009873AA /* PBXTargetDependency */,
			);
			name = munchgittestUITests;
			productName = munchgittestUITests;
			productReference = ADC94A44218E4BB1009873AA /* munchgittestUITests.xctest */;
			productType = "com.apple.product-type.bundle.ui-testing";
		};
/* End PBXNativeTarget section */

/* Begin PBXProject section */
		ADC94A1D218E4BB0009873AA /* Project object */ = {
			isa = PBXProject;
			attributes = {
				LastSwiftUpdateCheck = 1010;
				LastUpgradeCheck = 1010;
				ORGANIZATIONNAME = "Vladyslav Morhun";
				TargetAttributes = {
					ADC94A24218E4BB0009873AA = {
						CreatedOnToolsVersion = 10.1;
					};
					ADC94A38218E4BB1009873AA = {
						CreatedOnToolsVersion = 10.1;
						TestTargetID = ADC94A24218E4BB0009873AA;
					};
					ADC94A43218E4BB1009873AA = {
						CreatedOnToolsVersion = 10.1;
						TestTargetID = ADC94A24218E4BB0009873AA;
					};
				};
			};
			buildConfigurationList = ADC94A20218E4BB0009873AA /* Build configuration list for PBXProject "munchgittest" */;
			compatibilityVersion = "Xcode 9.3";
			developmentRegion = en;
			hasScannedForEncodings = 0;
			knownRegions = (
				en,
				Base,
			);
			mainGroup = ADC94A1C218E4BB0009873AA;
			productRefGroup = ADC94A26218E4BB0009873AA /* Products */;
			projectDirPath = "";
			projectRoot = "";
			targets = (
				ADC94A24218E4BB0009873AA /* munchgittest */,
				ADC94A38218E4BB1009873AA /* munchgittestTests */,
				ADC94A43218E4BB1009873AA /* munchgittestUITests */,
			);
		};
/* End PBXProject section */

/* Begin PBXResourcesBuildPhase section */
		ADC94A23218E4BB0009873AA /* Resources */ = {
			isa = PBXResourcesBuildPhase;
			buildActionMask = 2147483647;
			files = (
				ADC94A33218E4BB0009873AA /* LaunchScreen.storyboard in Resources */,
				ADC94A30218E4BB0009873AA /* Assets.xcassets in Resources */,
				ADC94A2E218E4BB0009873AA /* Main.storyboard in Resources */,
			);
			runOnlyForDeploymentPostprocessing = 0;
		};
		ADC94A37218E4BB1009873AA /* Resources */ = {
			isa = PBXResourcesBuildPhase;
			buildActionMask = 2147483647;
			files = (
			);
			runOnlyForDeploymentPostprocessing = 0;
		};
		ADC94A42218E4BB1009873AA /* Resources */ = {
			isa = PBXResourcesBuildPhase;
			buildActionMask = 2147483647;
			files = (
			);
			runOnlyForDeploymentPostprocessing = 0;
		};
/* End PBXResourcesBuildPhase section */

/* Begin PBXSourcesBuildPhase section */
		ADC94A21218E4BB0009873AA /* Sources */ = {
			isa = PBXSourcesBuildPhase;
			buildActionMask = 2147483647;
			files = (
				ADC94A2B218E4BB0009873AA /* ViewController.swift in Sources */,
				ADC94A29218E4BB0009873AA /* AppDelegate.swift in Sources */,
			);
			runOnlyForDeploymentPostprocessing = 0;
		};
		ADC94A35218E4BB1009873AA /* Sources */ = {
			isa = PBXSourcesBuildPhase;
			buildActionMask = 2147483647;
			files = (
				ADC94A3E218E4BB1009873AA /* munchgittestTests.swift in Sources */,
			);
			runOnlyForDeploymentPostprocessing = 0;
		};
		ADC94A40218E4BB1009873AA /* Sources */ = {
			isa = PBXSourcesBuildPhase;
			buildActionMask = 2147483647;
			files = (
				ADC94A49218E4BB1009873AA /* munchgittestUITests.swift in Sources */,
			);
			runOnlyForDeploymentPostprocessing = 0;
		};
/* End PBXSourcesBuildPhase section */

/* Begin PBXTargetDependency section */
		ADC94A3B218E4BB1009873AA /* PBXTargetDependency */ = {
			isa = PBXTargetDependency;
			target = ADC94A24218E4BB0009873AA /* munchgittest */;
			targetProxy = ADC94A3A218E4BB1009873AA /* PBXContainerItemProxy */;
		};
		ADC94A46218E4BB1009873AA /* PBXTargetDependency */ = {
			isa = PBXTargetDependency;
			target = ADC94A24218E4BB0009873AA /* munchgittest */;
			targetProxy = ADC94A45218E4BB1009873AA /* PBXContainerItemProxy */;
		};
/* End PBXTargetDependency section */

/* Begin PBXVariantGroup section */
		ADC94A2C218E4BB0009873AA /* Main.storyboard */ = {
			isa = PBXVariantGroup;
			children = (
				ADC94A2D218E4BB0009873AA /* Base */,
			);
			name = Main.storyboard;
			sourceTree = "<group>";
		};
		ADC94A31218E4BB0009873AA /* LaunchScreen.storyboard */ = {
			isa = PBXVariantGroup;
			children = (
				ADC94A32218E4BB0009873AA /* Base */,
			);
			name = LaunchScreen.storyboard;
			sourceTree = "<group>";
		};
/* End PBXVariantGroup section */

/* Begin XCBuildConfiguration section */
		ADC94A4B218E4BB1009873AA /* Debug */ = {
			isa = XCBuildConfiguration;
			buildSettings = {
				ALWAYS_SEARCH_USER_PATHS = NO;
				CLANG_ANALYZER_NONNULL = YES;
				CLANG_ANALYZER_NUMBER_OBJECT_CONVERSION = YES_AGGRESSIVE;
				CLANG_CXX_LANGUAGE_STANDARD = "gnu++14";
				CLANG_CXX_LIBRARY = "libc++";
				CLANG_ENABLE_MODULES = YES;
				CLANG_ENABLE_OBJC_ARC = YES;
				CLANG_ENABLE_OBJC_WEAK = YES;
				CLANG_WARN_BLOCK_CAPTURE_AUTORELEASING = YES;
				CLANG_WARN_BOOL_CONVERSION = YES;
				CLANG_WARN_COMMA = YES;
				CLANG_WARN_CONSTANT_CONVERSION = YES;
				CLANG_WARN_DEPRECATED_OBJC_IMPLEMENTATIONS = YES;
				CLANG_WARN_DIRECT_OBJC_ISA_USAGE = YES_ERROR;
				CLANG_WARN_DOCUMENTATION_COMMENTS = YES;
				CLANG_WARN_EMPTY_BODY = YES;
				CLANG_WARN_ENUM_CONVERSION = YES;
				CLANG_WARN_INFINITE_RECURSION = YES;
				CLANG_WARN_INT_CONVERSION = YES;
				CLANG_WARN_NON_LITERAL_NULL_CONVERSION = YES;
				CLANG_WARN_OBJC_IMPLICIT_RETAIN_SELF = YES;
				CLANG_WARN_OBJC_LITERAL_CONVERSION = YES;
				CLANG_WARN_OBJC_ROOT_CLASS = YES_ERROR;
				CLANG_WARN_RANGE_LOOP_ANALYSIS = YES;
				CLANG_WARN_STRICT_PROTOTYPES = YES;
				CLANG_WARN_SUSPICIOUS_MOVE = YES;
				CLANG_WARN_UNGUARDED_AVAILABILITY = YES_AGGRESSIVE;
				CLANG_WARN_UNREACHABLE_CODE = YES;
				CLANG_WARN__DUPLICATE_METHOD_MATCH = YES;
				CODE_SIGN_IDENTITY = "iPhone Developer";
				COPY_PHASE_STRIP = NO;
				DEBUG_INFORMATION_FORMAT = dwarf;
				ENABLE_STRICT_OBJC_MSGSEND = YES;
				ENABLE_TESTABILITY = YES;
				GCC_C_LANGUAGE_STANDARD = gnu11;
				GCC_DYNAMIC_NO_PIC = NO;
				GCC_NO_COMMON_BLOCKS = YES;
				GCC_OPTIMIZATION_LEVEL = 0;
				GCC_PREPROCESSOR_DEFINITIONS = (
					"DEBUG=1",
					"$(inherited)",
				);
				GCC_WARN_64_TO_32_BIT_CONVERSION = YES;
				GCC_WARN_ABOUT_RETURN_TYPE = YES_ERROR;
				GCC_WARN_UNDECLARED_SELECTOR = YES;
				GCC_WARN_UNINITIALIZED_AUTOS = YES_AGGRESSIVE;
				GCC_WARN_UNUSED_FUNCTION = YES;
				GCC_WARN_UNUSED_VARIABLE = YES;
				IPHONEOS_DEPLOYMENT_TARGET = 12.1;
				MTL_ENABLE_DEBUG_INFO = INCLUDE_SOURCE;
				MTL_FAST_MATH = YES;
				ONLY_ACTIVE_ARCH = YES;
				SDKROOT = iphoneos;
				SWIFT_ACTIVE_COMPILATION_CONDITIONS = DEBUG;
				SWIFT_OPTIMIZATION_LEVEL = "-Onone";
			};
			name = Debug;
		};
		ADC94A4C218E4BB1009873AA /* Release */ = {
			isa = XCBuildConfiguration;
			buildSettings = {
				ALWAYS_SEARCH_USER_PATHS = NO;
				CLANG_ANALYZER_NONNULL = YES;
				CLANG_ANALYZER_NUMBER_OBJECT_CONVERSION = YES_AGGRESSIVE;
				CLANG_CXX_LANGUAGE_STANDARD = "gnu++14";
				CLANG_CXX_LIBRARY = "libc++";
				CLANG_ENABLE_MODULES = YES;
				CLANG_ENABLE_OBJC_ARC = YES;
				CLANG_ENABLE_OBJC_WEAK = YES;
				CLANG_WARN_BLOCK_CAPTURE_AUTORELEASING = YES;
				CLANG_WARN_BOOL_CONVERSION = YES;
				CLANG_WARN_COMMA = YES;
				CLANG_WARN_CONSTANT_CONVERSION = YES;
				CLANG_WARN_DEPRECATED_OBJC_IMPLEMENTATIONS = YES;
				CLANG_WARN_DIRECT_OBJC_ISA_USAGE = YES_ERROR;
				CLANG_WARN_DOCUMENTATION_COMMENTS = YES;
				CLANG_WARN_EMPTY_BODY = YES;
				CLANG_WARN_ENUM_CONVERSION = YES;
				CLANG_WARN_INFINITE_RECURSION = YES;
				CLANG_WARN_INT_CONVERSION = YES;
				CLANG_WARN_NON_LITERAL_NULL_CONVERSION = YES;
				CLANG_WARN_OBJC_IMPLICIT_RETAIN_SELF = YES;
				CLANG_WARN_OBJC_LITERAL_CONVERSION = YES;
				CLANG_WARN_OBJC_ROOT_CLASS = YES_ERROR;
				CLANG_WARN_RANGE_LOOP_ANALYSIS = YES;
				CLANG_WARN_STRICT_PROTOTYPES = YES;
				CLANG_WARN_SUSPICIOUS_MOVE = YES;
				CLANG_WARN_UNGUARDED_AVAILABILITY = YES_AGGRESSIVE;
				CLANG_WARN_UNREACHABLE_CODE = YES;
				CLANG_WARN__DUPLICATE_METHOD_MATCH = YES;
				CODE_SIGN_IDENTITY = "iPhone Developer";
				COPY_PHASE_STRIP = NO;
				DEBUG_INFORMATION_FORMAT = "dwarf-with-dsym";
				ENABLE_NS_ASSERTIONS = NO;
				ENABLE_STRICT_OBJC_MSGSEND = YES;
				GCC_C_LANGUAGE_STANDARD = gnu11;
				GCC_NO_COMMON_BLOCKS = YES;
				GCC_WARN_64_TO_32_BIT_CONVERSION = YES;
				GCC_WARN_ABOUT_RETURN_TYPE = YES_ERROR;
				GCC_WARN_UNDECLARED_SELECTOR = YES;
				GCC_WARN_UNINITIALIZED_AUTOS = YES_AGGRESSIVE;
				GCC_WARN_UNUSED_FUNCTION = YES;
				GCC_WARN_UNUSED_VARIABLE = YES;
				IPHONEOS_DEPLOYMENT_TARGET = 12.1;
				MTL_ENABLE_DEBUG_INFO = NO;
				MTL_FAST_MATH = YES;
				SDKROOT = iphoneos;
				SWIFT_COMPILATION_MODE = wholemodule;
				SWIFT_OPTIMIZATION_LEVEL = "-O";
				VALIDATE_PRODUCT = YES;
			};
			name = Release;
		};
		ADC94A4E218E4BB1009873AA /* Debug */ = {
			isa = XCBuildConfiguration;
			buildSettings = {
				ASSETCATALOG_COMPILER_APPICON_NAME = AppIcon;
				CODE_SIGN_STYLE = Automatic;
				INFOPLIST_FILE = munchgittest/Info.plist;
				LD_RUNPATH_SEARCH_PATHS = (
					"$(inherited)",
					"@executable_path/Frameworks",
				);
				PRODUCT_BUNDLE_IDENTIFIER = vladyslavmorhun.munchgittest;
				PRODUCT_NAME = "$(TARGET_NAME)";
				SWIFT_VERSION = 4.2;
				TARGETED_DEVICE_FAMILY = "1,2";
			};
			name = Debug;
		};
		ADC94A4F218E4BB1009873AA /* Release */ = {
			isa = XCBuildConfiguration;
			buildSettings = {
				ASSETCATALOG_COMPILER_APPICON_NAME = AppIcon;
				CODE_SIGN_STYLE = Automatic;
				INFOPLIST_FILE = munchgittest/Info.plist;
				LD_RUNPATH_SEARCH_PATHS = (
					"$(inherited)",
					"@executable_path/Frameworks",
				);
				PRODUCT_BUNDLE_IDENTIFIER = vladyslavmorhun.munchgittest;
				PRODUCT_NAME = "$(TARGET_NAME)";
				SWIFT_VERSION = 4.2;
				TARGETED_DEVICE_FAMILY = "1,2";
			};
			name = Release;
		};
		ADC94A51218E4BB1009873AA /* Debug */ = {
			isa = XCBuildConfiguration;
			buildSettings = {
				ALWAYS_EMBED_SWIFT_STANDARD_LIBRARIES = YES;
				BUNDLE_LOADER = "$(TEST_HOST)";
				CODE_SIGN_STYLE = Automatic;
				INFOPLIST_FILE = munchgittestTests/Info.plist;
				LD_RUNPATH_SEARCH_PATHS = (
					"$(inherited)",
					"@executable_path/Frameworks",
					"@loader_path/Frameworks",
				);
				PRODUCT_BUNDLE_IDENTIFIER = vladyslavmorhun.munchgittestTests;
				PRODUCT_NAME = "$(TARGET_NAME)";
				SWIFT_VERSION = 4.2;
				TARGETED_DEVICE_FAMILY = "1,2";
				TEST_HOST = "$(BUILT_PRODUCTS_DIR)/munchgittest.app/munchgittest";
			};
			name = Debug;
		};
		ADC94A52218E4BB1009873AA /* Release */ = {
			isa = XCBuildConfiguration;
			buildSettings = {
				ALWAYS_EMBED_SWIFT_STANDARD_LIBRARIES = YES;
				BUNDLE_LOADER = "$(TEST_HOST)";
				CODE_SIGN_STYLE = Automatic;
				INFOPLIST_FILE = munchgittestTests/Info.plist;
				LD_RUNPATH_SEARCH_PATHS = (
					"$(inherited)",
					"@executable_path/Frameworks",
					"@loader_path/Frameworks",
				);
				PRODUCT_BUNDLE_IDENTIFIER = vladyslavmorhun.munchgittestTests;
				PRODUCT_NAME = "$(TARGET_NAME)";
				SWIFT_VERSION = 4.2;
				TARGETED_DEVICE_FAMILY = "1,2";
				TEST_HOST = "$(BUILT_PRODUCTS_DIR)/munchgittest.app/munchgittest";
			};
			name = Release;
		};
		ADC94A54218E4BB1009873AA /* Debug */ = {
			isa = XCBuildConfiguration;
			buildSettings = {
				ALWAYS_EMBED_SWIFT_STANDARD_LIBRARIES = YES;
				CODE_SIGN_STYLE = Automatic;
				INFOPLIST_FILE = munchgittestUITests/Info.plist;
				LD_RUNPATH_SEARCH_PATHS = (
					"$(inherited)",
					"@executable_path/Frameworks",
					"@loader_path/Frameworks",
				);
				PRODUCT_BUNDLE_IDENTIFIER = vladyslavmorhun.munchgittestUITests;
				PRODUCT_NAME = "$(TARGET_NAME)";
				SWIFT_VERSION = 4.2;
				TARGETED_DEVICE_FAMILY = "1,2";
				TEST_TARGET_NAME = munchgittest;
			};
			name = Debug;
		};
		ADC94A55218E4BB1009873AA /* Release */ = {
			isa = XCBuildConfiguration;
			buildSettings = {
				ALWAYS_EMBED_SWIFT_STANDARD_LIBRARIES = YES;
				CODE_SIGN_STYLE = Automatic;
				INFOPLIST_FILE = munchgittestUITests/Info.plist;
				LD_RUNPATH_SEARCH_PATHS = (
					"$(inherited)",
					"@executable_path/Frameworks",
					"@loader_path/Frameworks",
				);
				PRODUCT_BUNDLE_IDENTIFIER = vladyslavmorhun.munchgittestUITests;
				PRODUCT_NAME = "$(TARGET_NAME)";
				SWIFT_VERSION = 4.2;
				TARGETED_DEVICE_FAMILY = "1,2";
				TEST_TARGET_NAME = munchgittest;
			};
			name = Release;
		};
/* End XCBuildConfiguration section */

/* Begin XCConfigurationList section */
		ADC94A20218E4BB0009873AA /* Build configuration list for PBXProject "munchgittest" */ = {
			isa = XCConfigurationList;
			buildConfigurations = (
				ADC94A4B218E4BB1009873AA /* Debug */,
				ADC94A4C218E4BB1009873AA /* Release */,
			);
			defaultConfigurationIsVisible = 0;
			defaultConfigurationName = Release;
		};
		ADC94A4D218E4BB1009873AA /* Build configuration list for PBXNativeTarget "munchgittest" */ = {
			isa = XCConfigurationList;
			buildConfigurations = (
				ADC94A4E218E4BB1009873AA /* Debug */,
				ADC94A4F218E4BB1009873AA /* Release */,
			);
			defaultConfigurationIsVisible = 0;
			defaultConfigurationName = Release;
		};
		ADC94A50218E4BB1009873AA /* Build configuration list for PBXNativeTarget "munchgittestTests" */ = {
			isa = XCConfigurationList;
			buildConfigurations = (
				ADC94A51218E4BB1009873AA /* Debug */,
				ADC94A52218E4BB1009873AA /* Release */,
			);
			defaultConfigurationIsVisible = 0;
			defaultConfigurationName = Release;
		};
		ADC94A53218E4BB1009873AA /* Build configuration list for PBXNativeTarget "munchgittestUITests" */ = {
			isa = XCConfigurationList;
			buildConfigurations = (
				ADC94A54218E4BB1009873AA /* Debug */,
				ADC94A55218E4BB1009873AA /* Release */,
			);
			defaultConfigurationIsVisible = 0;
			defaultConfigurationName = Release;
		};
/* End XCConfigurationList section */
	};
	rootObject = ADC94A1D218E4BB0009873AA /* Project object */;
}
